
Microsoft Visual Studio Solution File, Format Version 12.00
# Visual Studio Version 17
VisualStudioVersion = 17.6.33801.468
MinimumVisualStudioVersion = 10.0.40219.1
Project("{8BC9CEB8-8B4A-11D0-8D11-00A0C91BC942}") = "MT3_02_02", "MT3_02_02.vcxproj", "{740C9FFD-C02D-46AC-97D6-684BA7D17632}"
EndProject
Global
	GlobalSection(SolutionConfigurationPlatforms) = preSolution
		Debug|x64 = Debug|x64
		Release|x64 = Release|x64
	EndGlobalSection
	GlobalSection(ProjectConfigurationPlatforms) = postSolution
		{740C9FFD-C02D-46AC-97D6-684BA7D17632}.Debug|x64.ActiveCfg = Debug|x64
		{740C9FFD-C02D-46AC-97D6-684BA7D17632}.Debug|x64.Build.0 = Debug|x64
		{740C9FFD-C02D-46AC-97D6-684BA7D17632}.Release|x64.ActiveCfg = Release|x64
		{740C9FFD-C02D-46AC-97D6-684BA7D17632}.Release|x64.Build.0 = Release|x64
	EndGlobalSection
	GlobalSection(SolutionProperties) = preSolution
		HideSolutionNode = FALSE
	EndGlobalSection
	GlobalSection(ExtensibilityGlobals) = postSolution
		SolutionGuid = {C0DD3434-3197-4A7B-AFAA-5D2BA5F495B3}
	EndGlobalSection
EndGlobal
